# This file was autogenerated by uv via the following command:
#    uv pip compile pyproject.toml -o uv.lock
certifi==2025.6.15
    # via requests
charset-normalizer==3.4.2
    # via requests
geographiclib==2.0
    # via geopy
geopy==2.3.0
    # via caixaaberta (pyproject.toml)
idna==3.10
    # via requests
iniconfig==2.1.0
    # via pytest
lxml==4.9.4
    # via caixaaberta (pyproject.toml)
numpy==1.26.4
    # via
    #   caixaaberta (pyproject.toml)
    #   pandas
packaging==25.0
    # via pytest
pandas==1.5.3
    # via caixaaberta (pyproject.toml)
pluggy==1.6.0
    # via pytest
pygments==2.19.1
    # via pytest
pytest==8.4.1
    # via caixaaberta (pyproject.toml)
python-dateutil==2.9.0.post0
    # via pandas
python-dotenv==1.0.1
    # via caixaaberta (pyproject.toml)
pytz==2025.2
    # via pandas
requests==2.32.4
    # via caixaaberta (pyproject.toml)
six==1.17.0
    # via python-dateutil
urllib3==2.5.0
    # via requests
